// !$*UTF8*$!
{
	archiveVersion = 1;
	classes = {
	};
	objectVersion = 46;
	objects = {

/* Begin PBXBuildFile section */
		683E17291EEF08DE008DDB11 /* TableViewControllerAllStat.swift in Sources */ = {isa = PBXBuildFile; fileRef = 683E17281EEF08DE008DDB11 /* TableViewControllerAllStat.swift */; };
		683E172B1EEF22BB008DDB11 /* TableViewControllerAllStatDV.swift in Sources */ = {isa = PBXBuildFile; fileRef = 683E172A1EEF22BB008DDB11 /* TableViewControllerAllStatDV.swift */; };
		683E172D1EEF2340008DDB11 /* TableViewControllerDayStat.swift in Sources */ = {isa = PBXBuildFile; fileRef = 683E172C1EEF2340008DDB11 /* TableViewControllerDayStat.swift */; };
		683E172F1EEF2353008DDB11 /* TableViewControllerDayStatDV.swift in Sources */ = {isa = PBXBuildFile; fileRef = 683E172E1EEF2353008DDB11 /* TableViewControllerDayStatDV.swift */; };
		BE4FD0641EEEEBB4002F0679 /* AppDelegate.swift in Sources */ = {isa = PBXBuildFile; fileRef = BE4FD0631EEEEBB4002F0679 /* AppDelegate.swift */; };
		BE4FD0661EEEEBB4002F0679 /* ViewController.swift in Sources */ = {isa = PBXBuildFile; fileRef = BE4FD0651EEEEBB4002F0679 /* ViewController.swift */; };
		BE4FD0691EEEEBB4002F0679 /* Main.storyboard in Resources */ = {isa = PBXBuildFile; fileRef = BE4FD0671EEEEBB4002F0679 /* Main.storyboard */; };
		BE4FD06B1EEEEBB4002F0679 /* Assets.xcassets in Resources */ = {isa = PBXBuildFile; fileRef = BE4FD06A1EEEEBB4002F0679 /* Assets.xcassets */; };
		BE4FD06E1EEEEBB4002F0679 /* LaunchScreen.storyboard in Resources */ = {isa = PBXBuildFile; fileRef = BE4FD06C1EEEEBB4002F0679 /* LaunchScreen.storyboard */; };
		E0C386C923FE1E57DE128335 /* Pods_ios.framework in Frameworks */ = {isa = PBXBuildFile; fileRef = 3BA6E09608D9FF04B14FA287 /* Pods_ios.framework */; };
/* End PBXBuildFile section */

/* Begin PBXFileReference section */
		396B727C054DE7F9EA546DBF /* Pods-ios.release.xcconfig */ = {isa = PBXFileReference; includeInIndex = 1; lastKnownFileType = text.xcconfig; name = "Pods-ios.release.xcconfig"; path = "Pods/Target Support Files/Pods-ios/Pods-ios.release.xcconfig"; sourceTree = "<group>"; };
		3BA6E09608D9FF04B14FA287 /* Pods_ios.framework */ = {isa = PBXFileReference; explicitFileType = wrapper.framework; includeInIndex = 0; path = Pods_ios.framework; sourceTree = BUILT_PRODUCTS_DIR; };
		683E17281EEF08DE008DDB11 /* TableViewControllerAllStat.swift */ = {isa = PBXFileReference; fileEncoding = 4; lastKnownFileType = sourcecode.swift; path = TableViewControllerAllStat.swift; sourceTree = "<group>"; };
		683E172A1EEF22BB008DDB11 /* TableViewControllerAllStatDV.swift */ = {isa = PBXFileReference; fileEncoding = 4; lastKnownFileType = sourcecode.swift; path = TableViewControllerAllStatDV.swift; sourceTree = "<group>"; };
		683E172C1EEF2340008DDB11 /* TableViewControllerDayStat.swift */ = {isa = PBXFileReference; fileEncoding = 4; lastKnownFileType = sourcecode.swift; path = TableViewControllerDayStat.swift; sourceTree = "<group>"; };
		683E172E1EEF2353008DDB11 /* TableViewControllerDayStatDV.swift */ = {isa = PBXFileReference; fileEncoding = 4; lastKnownFileType = sourcecode.swift; path = TableViewControllerDayStatDV.swift; sourceTree = "<group>"; };
		BE4FD0601EEEEBB4002F0679 /* ios.app */ = {isa = PBXFileReference; explicitFileType = wrapper.application; includeInIndex = 0; path = ios.app; sourceTree = BUILT_PRODUCTS_DIR; };
		BE4FD0631EEEEBB4002F0679 /* AppDelegate.swift */ = {isa = PBXFileReference; lastKnownFileType = sourcecode.swift; path = AppDelegate.swift; sourceTree = "<group>"; };
		BE4FD0651EEEEBB4002F0679 /* ViewController.swift */ = {isa = PBXFileReference; lastKnownFileType = sourcecode.swift; path = ViewController.swift; sourceTree = "<group>"; };
		BE4FD0681EEEEBB4002F0679 /* Base */ = {isa = PBXFileReference; lastKnownFileType = file.storyboard; name = Base; path = Base.lproj/Main.storyboard; sourceTree = "<group>"; };
		BE4FD06A1EEEEBB4002F0679 /* Assets.xcassets */ = {isa = PBXFileReference; lastKnownFileType = folder.assetcatalog; path = Assets.xcassets; sourceTree = "<group>"; };
		BE4FD06D1EEEEBB4002F0679 /* Base */ = {isa = PBXFileReference; lastKnownFileType = file.storyboard; name = Base; path = Base.lproj/LaunchScreen.storyboard; sourceTree = "<group>"; };
		BE4FD06F1EEEEBB4002F0679 /* Info.plist */ = {isa = PBXFileReference; lastKnownFileType = text.plist.xml; path = Info.plist; sourceTree = "<group>"; };
		E79EE4CB9A0209B7E15CCD05 /* Pods-ios.debug.xcconfig */ = {isa = PBXFileReference; includeInIndex = 1; lastKnownFileType = text.xcconfig; name = "Pods-ios.debug.xcconfig"; path = "Pods/Target Support Files/Pods-ios/Pods-ios.debug.xcconfig"; sourceTree = "<group>"; };
/* End PBXFileReference section */

/* Begin PBXFrameworksBuildPhase section */
		BE4FD05D1EEEEBB4002F0679 /* Frameworks */ = {
			isa = PBXFrameworksBuildPhase;
			buildActionMask = 2147483647;
			files = (
				E0C386C923FE1E57DE128335 /* Pods_ios.framework in Frameworks */,
			);
			runOnlyForDeploymentPostprocessing = 0;
		};
/* End PBXFrameworksBuildPhase section */

/* Begin PBXGroup section */
		66284B42BD6C29E862F8FA02 /* Pods */ = {
			isa = PBXGroup;
			children = (
				E79EE4CB9A0209B7E15CCD05 /* Pods-ios.debug.xcconfig */,
				396B727C054DE7F9EA546DBF /* Pods-ios.release.xcconfig */,
			);
			name = Pods;
			sourceTree = "<group>";
		};
		683E17311EEF2394008DDB11 /* Controller */ = {
			isa = PBXGroup;
			children = (
				683E17331EEF23BE008DDB11 /* EveryDay */,
				683E17321EEF23B0008DDB11 /* AllDay */,
			);
			name = Controller;
			sourceTree = "<group>";
		};
		683E17321EEF23B0008DDB11 /* AllDay */ = {
			isa = PBXGroup;
			children = (
				683E172A1EEF22BB008DDB11 /* TableViewControllerAllStatDV.swift */,
				683E17281EEF08DE008DDB11 /* TableViewControllerAllStat.swift */,
			);
			name = AllDay;
			sourceTree = "<group>";
		};
		683E17331EEF23BE008DDB11 /* EveryDay */ = {
			isa = PBXGroup;
			children = (
				683E172E1EEF2353008DDB11 /* TableViewControllerDayStatDV.swift */,
				683E172C1EEF2340008DDB11 /* TableViewControllerDayStat.swift */,
			);
			name = EveryDay;
			sourceTree = "<group>";
		};
		BE4FD0571EEEEBB4002F0679 = {
			isa = PBXGroup;
			children = (
				BE4FD0621EEEEBB4002F0679 /* ios */,
				BE4FD0611EEEEBB4002F0679 /* Products */,
				66284B42BD6C29E862F8FA02 /* Pods */,
				D837BC8D7B1A6F3A6541E82D /* Frameworks */,
			);
			sourceTree = "<group>";
		};
		BE4FD0611EEEEBB4002F0679 /* Products */ = {
			isa = PBXGroup;
			children = (
				BE4FD0601EEEEBB4002F0679 /* ios.app */,
			);
			name = Products;
			sourceTree = "<group>";
		};
		BE4FD0621EEEEBB4002F0679 /* ios */ = {
			isa = PBXGroup;
			children = (
				BE4FD0631EEEEBB4002F0679 /* AppDelegate.swift */,
				BE4FD0651EEEEBB4002F0679 /* ViewController.swift */,
				BE4FD0671EEEEBB4002F0679 /* Main.storyboard */,
				683E17311EEF2394008DDB11 /* Controller */,
				BE4FD06A1EEEEBB4002F0679 /* Assets.xcassets */,
				BE4FD06C1EEEEBB4002F0679 /* LaunchScreen.storyboard */,
				BE4FD06F1EEEEBB4002F0679 /* Info.plist */,
			);
			path = ios;
			sourceTree = "<group>";
		};
		D837BC8D7B1A6F3A6541E82D /* Frameworks */ = {
			isa = PBXGroup;
			children = (
				3BA6E09608D9FF04B14FA287 /* Pods_ios.framework */,
			);
			name = Frameworks;
			sourceTree = "<group>";
		};
/* End PBXGroup section */

/* Begin PBXNativeTarget section */
		BE4FD05F1EEEEBB4002F0679 /* ios */ = {
			isa = PBXNativeTarget;
			buildConfigurationList = BE4FD0721EEEEBB4002F0679 /* Build configuration list for PBXNativeTarget "ios" */;
			buildPhases = (
				3CD5917CC7E9E71E4BF7B647 /* [CP] Check Pods Manifest.lock */,
				BE4FD05C1EEEEBB4002F0679 /* Sources */,
				BE4FD05D1EEEEBB4002F0679 /* Frameworks */,
				BE4FD05E1EEEEBB4002F0679 /* Resources */,
				32958E3AC84315B5369B3A88 /* [CP] Embed Pods Frameworks */,
				DFF1B23A498B0C56D645B20A /* [CP] Copy Pods Resources */,
			);
			buildRules = (
			);
			dependencies = (
			);
			name = ios;
			productName = ios;
			productReference = BE4FD0601EEEEBB4002F0679 /* ios.app */;
			productType = "com.apple.product-type.application";
		};
/* End PBXNativeTarget section */

/* Begin PBXProject section */
		BE4FD0581EEEEBB4002F0679 /* Project object */ = {
			isa = PBXProject;
			attributes = {
				LastSwiftUpdateCheck = 0830;
				LastUpgradeCheck = 0830;
				ORGANIZATIONNAME = GB;
				TargetAttributes = {
					BE4FD05F1EEEEBB4002F0679 = {
						CreatedOnToolsVersion = 8.3.3;
						ProvisioningStyle = Automatic;
					};
				};
			};
			buildConfigurationList = BE4FD05B1EEEEBB4002F0679 /* Build configuration list for PBXProject "ios" */;
			compatibilityVersion = "Xcode 3.2";
			developmentRegion = English;
			hasScannedForEncodings = 0;
			knownRegions = (
				en,
				Base,
			);
			mainGroup = BE4FD0571EEEEBB4002F0679;
			productRefGroup = BE4FD0611EEEEBB4002F0679 /* Products */;
			projectDirPath = "";
			projectRoot = "";
			targets = (
				BE4FD05F1EEEEBB4002F0679 /* ios */,
			);
		};
/* End PBXProject section */

/* Begin PBXResourcesBuildPhase section */
		BE4FD05E1EEEEBB4002F0679 /* Resources */ = {
			isa = PBXResourcesBuildPhase;
			buildActionMask = 2147483647;
			files = (
				BE4FD06E1EEEEBB4002F0679 /* LaunchScreen.storyboard in Resources */,
				BE4FD06B1EEEEBB4002F0679 /* Assets.xcassets in Resources */,
				BE4FD0691EEEEBB4002F0679 /* Main.storyboard in Resources */,
			);
			runOnlyForDeploymentPostprocessing = 0;
		};
/* End PBXResourcesBuildPhase section */

/* Begin PBXShellScriptBuildPhase section */
		32958E3AC84315B5369B3A88 /* [CP] Embed Pods Frameworks */ = {
			isa = PBXShellScriptBuildPhase;
			buildActionMask = 2147483647;
			files = (
			);
			inputPaths = (
			);
			name = "[CP] Embed Pods Frameworks";
			outputPaths = (
			);
			runOnlyForDeploymentPostprocessing = 0;
			shellPath = /bin/sh;
			shellScript = "\"${SRCROOT}/Pods/Target Support Files/Pods-ios/Pods-ios-frameworks.sh\"\n";
			showEnvVarsInLog = 0;
		};
		3CD5917CC7E9E71E4BF7B647 /* [CP] Check Pods Manifest.lock */ = {
			isa = PBXShellScriptBuildPhase;
			buildActionMask = 2147483647;
			files = (
			);
			inputPaths = (
			);
			name = "[CP] Check Pods Manifest.lock";
			outputPaths = (
			);
			runOnlyForDeploymentPostprocessing = 0;
			shellPath = /bin/sh;
			shellScript = "diff \"${PODS_ROOT}/../Podfile.lock\" \"${PODS_ROOT}/Manifest.lock\" > /dev/null\nif [ $? != 0 ] ; then\n    # print error to STDERR\n    echo \"error: The sandbox is not in sync with the Podfile.lock. Run 'pod install' or update your CocoaPods installation.\" >&2\n    exit 1\nfi\n";
			showEnvVarsInLog = 0;
		};
		DFF1B23A498B0C56D645B20A /* [CP] Copy Pods Resources */ = {
			isa = PBXShellScriptBuildPhase;
			buildActionMask = 2147483647;
			files = (
			);
			inputPaths = (
			);
			name = "[CP] Copy Pods Resources";
			outputPaths = (
			);
			runOnlyForDeploymentPostprocessing = 0;
			shellPath = /bin/sh;
			shellScript = "\"${SRCROOT}/Pods/Target Support Files/Pods-ios/Pods-ios-resources.sh\"\n";
			showEnvVarsInLog = 0;
		};
/* End PBXShellScriptBuildPhase section */

/* Begin PBXSourcesBuildPhase section */
		BE4FD05C1EEEEBB4002F0679 /* Sources */ = {
			isa = PBXSourcesBuildPhase;
			buildActionMask = 2147483647;
			files = (
				683E172F1EEF2353008DDB11 /* TableViewControllerDayStatDV.swift in Sources */,
				BE4FD0661EEEEBB4002F0679 /* ViewController.swift in Sources */,
				683E17291EEF08DE008DDB11 /* TableViewControllerAllStat.swift in Sources */,
				BE4FD0641EEEEBB4002F0679 /* AppDelegate.swift in Sources */,
				683E172B1EEF22BB008DDB11 /* TableViewControllerAllStatDV.swift in Sources */,
				683E172D1EEF2340008DDB11 /* TableViewControllerDayStat.swift in Sources */,
			);
			runOnlyForDeploymentPostprocessing = 0;
		};
/* End PBXSourcesBuildPhase section */

/* Begin PBXVariantGroup section */
		BE4FD0671EEEEBB4002F0679 /* Main.storyboard */ = {
			isa = PBXVariantGroup;
			children = (
				BE4FD0681EEEEBB4002F0679 /* Base */,
			);
			name = Main.storyboard;
			sourceTree = "<group>";
		};
		BE4FD06C1EEEEBB4002F0679 /* LaunchScreen.storyboard */ = {
			isa = PBXVariantGroup;
			children = (
				BE4FD06D1EEEEBB4002F0679 /* Base */,
			);
			name = LaunchScreen.storyboard;
			sourceTree = "<group>";
		};
/* End PBXVariantGroup section */

/* Begin XCBuildConfiguration section */
		BE4FD0701EEEEBB4002F0679 /* Debug */ = {
			isa = XCBuildConfiguration;
			buildSettings = {
				ALWAYS_SEARCH_USER_PATHS = NO;
				CLANG_ANALYZER_NONNULL = YES;
				CLANG_ANALYZER_NUMBER_OBJECT_CONVERSION = YES_AGGRESSIVE;
				CLANG_CXX_LANGUAGE_STANDARD = "gnu++0x";
				CLANG_CXX_LIBRARY = "libc++";
				CLANG_ENABLE_MODULES = YES;
				CLANG_ENABLE_OBJC_ARC = YES;
				CLANG_WARN_BOOL_CONVERSION = YES;
				CLANG_WARN_CONSTANT_CONVERSION = YES;
				CLANG_WARN_DIRECT_OBJC_ISA_USAGE = YES_ERROR;
				CLANG_WARN_DOCUMENTATION_COMMENTS = YES;
				CLANG_WARN_EMPTY_BODY = YES;
				CLANG_WARN_ENUM_CONVERSION = YES;
				CLANG_WARN_INFINITE_RECURSION = YES;
				CLANG_WARN_INT_CONVERSION = YES;
				CLANG_WARN_OBJC_ROOT_CLASS = YES_ERROR;
				CLANG_WARN_SUSPICIOUS_MOVE = YES;
				CLANG_WARN_UNREACHABLE_CODE = YES;
				CLANG_WARN__DUPLICATE_METHOD_MATCH = YES;
				"CODE_SIGN_IDENTITY[sdk=iphoneos*]" = "iPhone Developer";
				COPY_PHASE_STRIP = NO;
				DEBUG_INFORMATION_FORMAT = dwarf;
				ENABLE_STRICT_OBJC_MSGSEND = YES;
				ENABLE_TESTABILITY = YES;
				GCC_C_LANGUAGE_STANDARD = gnu99;
				GCC_DYNAMIC_NO_PIC = NO;
				GCC_NO_COMMON_BLOCKS = YES;
				GCC_OPTIMIZATION_LEVEL = 0;
				GCC_PREPROCESSOR_DEFINITIONS = (
					"DEBUG=1",
					"$(inherited)",
				);
				GCC_WARN_64_TO_32_BIT_CONVERSION = YES;
				GCC_WARN_ABOUT_RETURN_TYPE = YES_ERROR;
				GCC_WARN_UNDECLARED_SELECTOR = YES;
				GCC_WARN_UNINITIALIZED_AUTOS = YES_AGGRESSIVE;
				GCC_WARN_UNUSED_FUNCTION = YES;
				GCC_WARN_UNUSED_VARIABLE = YES;
				IPHONEOS_DEPLOYMENT_TARGET = 10.3;
				MTL_ENABLE_DEBUG_INFO = YES;
				ONLY_ACTIVE_ARCH = YES;
				SDKROOT = iphoneos;
				SWIFT_ACTIVE_COMPILATION_CONDITIONS = DEBUG;
				SWIFT_OPTIMIZATION_LEVEL = "-Onone";
				TARGETED_DEVICE_FAMILY = "1,2";
			};
			name = Debug;
		};
		BE4FD0711EEEEBB4002F0679 /* Release */ = {
			isa = XCBuildConfiguration;
			buildSettings = {
				ALWAYS_SEARCH_USER_PATHS = NO;
				CLANG_ANALYZER_NONNULL = YES;
				CLANG_ANALYZER_NUMBER_OBJECT_CONVERSION = YES_AGGRESSIVE;
				CLANG_CXX_LANGUAGE_STANDARD = "gnu++0x";
				CLANG_CXX_LIBRARY = "libc++";
				CLANG_ENABLE_MODULES = YES;
				CLANG_ENABLE_OBJC_ARC = YES;
				CLANG_WARN_BOOL_CONVERSION = YES;
				CLANG_WARN_CONSTANT_CONVERSION = YES;
				CLANG_WARN_DIRECT_OBJC_ISA_USAGE = YES_ERROR;
				CLANG_WARN_DOCUMENTATION_COMMENTS = YES;
				CLANG_WARN_EMPTY_BODY = YES;
				CLANG_WARN_ENUM_CONVERSION = YES;
				CLANG_WARN_INFINITE_RECURSION = YES;
				CLANG_WARN_INT_CONVERSION = YES;
				CLANG_WARN_OBJC_ROOT_CLASS = YES_ERROR;
				CLANG_WARN_SUSPICIOUS_MOVE = YES;
				CLANG_WARN_UNREACHABLE_CODE = YES;
				CLANG_WARN__DUPLICATE_METHOD_MATCH = YES;
				"CODE_SIGN_IDENTITY[sdk=iphoneos*]" = "iPhone Developer";
				COPY_PHASE_STRIP = NO;
				DEBUG_INFORMATION_FORMAT = "dwarf-with-dsym";
				ENABLE_NS_ASSERTIONS = NO;
				ENABLE_STRICT_OBJC_MSGSEND = YES;
				GCC_C_LANGUAGE_STANDARD = gnu99;
				GCC_NO_COMMON_BLOCKS = YES;
				GCC_WARN_64_TO_32_BIT_CONVERSION = YES;
				GCC_WARN_ABOUT_RETURN_TYPE = YES_ERROR;
				GCC_WARN_UNDECLARED_SELECTOR = YES;
				GCC_WARN_UNINITIALIZED_AUTOS = YES_AGGRESSIVE;
				GCC_WARN_UNUSED_FUNCTION = YES;
				GCC_WARN_UNUSED_VARIABLE = YES;
				IPHONEOS_DEPLOYMENT_TARGET = 10.3;
				MTL_ENABLE_DEBUG_INFO = NO;
				SDKROOT = iphoneos;
				SWIFT_OPTIMIZATION_LEVEL = "-Owholemodule";
				TARGETED_DEVICE_FAMILY = "1,2";
				VALIDATE_PRODUCT = YES;
			};
			name = Release;
		};
		BE4FD0731EEEEBB4002F0679 /* Debug */ = {
			isa = XCBuildConfiguration;
			baseConfigurationReference = E79EE4CB9A0209B7E15CCD05 /* Pods-ios.debug.xcconfig */;
			buildSettings = {
				ASSETCATALOG_COMPILER_APPICON_NAME = AppIcon;
				INFOPLIST_FILE = ios/Info.plist;
				LD_RUNPATH_SEARCH_PATHS = "$(inherited) @executable_path/Frameworks";
				PRODUCT_BUNDLE_IDENTIFIER = GB.ios;
				PRODUCT_NAME = "$(TARGET_NAME)";
				SWIFT_VERSION = 3.0;
			};
			name = Debug;
		};
		BE4FD0741EEEEBB4002F0679 /* Release */ = {
			isa = XCBuildConfiguration;
			baseConfigurationReference = 396B727C054DE7F9EA546DBF /* Pods-ios.release.xcconfig */;
			buildSettings = {
				ASSETCATALOG_COMPILER_APPICON_NAME = AppIcon;
				INFOPLIST_FILE = ios/Info.plist;
				LD_RUNPATH_SEARCH_PATHS = "$(inherited) @executable_path/Frameworks";
				PRODUCT_BUNDLE_IDENTIFIER = GB.ios;
				PRODUCT_NAME = "$(TARGET_NAME)";
				SWIFT_VERSION = 3.0;
			};
			name = Release;
		};
/* End XCBuildConfiguration section */

/* Begin XCConfigurationList section */
		BE4FD05B1EEEEBB4002F0679 /* Build configuration list for PBXProject "ios" */ = {
			isa = XCConfigurationList;
			buildConfigurations = (
				BE4FD0701EEEEBB4002F0679 /* Debug */,
				BE4FD0711EEEEBB4002F0679 /* Release */,
			);
			defaultConfigurationIsVisible = 0;
			defaultConfigurationName = Release;
		};
		BE4FD0721EEEEBB4002F0679 /* Build configuration list for PBXNativeTarget "ios" */ = {
			isa = XCConfigurationList;
			buildConfigurations = (
				BE4FD0731EEEEBB4002F0679 /* Debug */,
				BE4FD0741EEEEBB4002F0679 /* Release */,
			);
			defaultConfigurationIsVisible = 0;
			defaultConfigurationName = Release;
		};
/* End XCConfigurationList section */
	};
	rootObject = BE4FD0581EEEEBB4002F0679 /* Project object */;
}
